// !$*UTF8*$!
{
	archiveVersion = 1;
	classes = {
	};
	objectVersion = 55;
	objects = {

/* Begin PBXBuildFile section */
		187CA6FE28455ACB00DCCA7F /* DeveloperSettingsView.swift in Sources */ = {isa = PBXBuildFile; fileRef = 187CA6FD28455ACB00DCCA7F /* DeveloperSettingsView.swift */; };
		187CA70028455D2F00DCCA7F /* DataImporter.swift in Sources */ = {isa = PBXBuildFile; fileRef = 187CA6FF28455D2F00DCCA7F /* DataImporter.swift */; };
		187CA703284590E900DCCA7F /* quakedata.json in Resources */ = {isa = PBXBuildFile; fileRef = 187CA702284590E900DCCA7F /* quakedata.json */; };
		18CE295028452C8200BB7BFC /* QuakeShowApp.swift in Sources */ = {isa = PBXBuildFile; fileRef = 18CE294F28452C8200BB7BFC /* QuakeShowApp.swift */; };
		18CE295228452C8200BB7BFC /* ContentView.swift in Sources */ = {isa = PBXBuildFile; fileRef = 18CE295128452C8200BB7BFC /* ContentView.swift */; };
		18CE295428452C8300BB7BFC /* Assets.xcassets in Resources */ = {isa = PBXBuildFile; fileRef = 18CE295328452C8300BB7BFC /* Assets.xcassets */; };
		18CE295728452C8300BB7BFC /* Preview Assets.xcassets in Resources */ = {isa = PBXBuildFile; fileRef = 18CE295628452C8300BB7BFC /* Preview Assets.xcassets */; };
		18CE295928452C8300BB7BFC /* Persistence.swift in Sources */ = {isa = PBXBuildFile; fileRef = 18CE295828452C8300BB7BFC /* Persistence.swift */; };
		18CE295C28452C8300BB7BFC /* QuakeShow.xcdatamodeld in Sources */ = {isa = PBXBuildFile; fileRef = 18CE295A28452C8300BB7BFC /* QuakeShow.xcdatamodeld */; };
		18CE296628452C8400BB7BFC /* QuakeShowTests.swift in Sources */ = {isa = PBXBuildFile; fileRef = 18CE296528452C8400BB7BFC /* QuakeShowTests.swift */; };
		18CE297028452C8400BB7BFC /* QuakeShowUITests.swift in Sources */ = {isa = PBXBuildFile; fileRef = 18CE296F28452C8400BB7BFC /* QuakeShowUITests.swift */; };
		18CE297228452C8400BB7BFC /* QuakeShowUITestsLaunchTests.swift in Sources */ = {isa = PBXBuildFile; fileRef = 18CE297128452C8400BB7BFC /* QuakeShowUITestsLaunchTests.swift */; };
		18CE297F28452CEE00BB7BFC /* Feature.swift in Sources */ = {isa = PBXBuildFile; fileRef = 18CE297E28452CEE00BB7BFC /* Feature.swift */; };
		18CE298128452D0C00BB7BFC /* UserKey.swift in Sources */ = {isa = PBXBuildFile; fileRef = 18CE298028452D0C00BB7BFC /* UserKey.swift */; };
/* End PBXBuildFile section */

/* Begin PBXContainerItemProxy section */
		18CE296228452C8400BB7BFC /* PBXContainerItemProxy */ = {
			isa = PBXContainerItemProxy;
			containerPortal = 18CE294428452C8200BB7BFC /* Project object */;
			proxyType = 1;
			remoteGlobalIDString = 18CE294B28452C8200BB7BFC;
			remoteInfo = QuakeShow;
		};
		18CE296C28452C8400BB7BFC /* PBXContainerItemProxy */ = {
			isa = PBXContainerItemProxy;
			containerPortal = 18CE294428452C8200BB7BFC /* Project object */;
			proxyType = 1;
			remoteGlobalIDString = 18CE294B28452C8200BB7BFC;
			remoteInfo = QuakeShow;
		};
/* End PBXContainerItemProxy section */

/* Begin PBXFileReference section */
		187CA6FD28455ACB00DCCA7F /* DeveloperSettingsView.swift */ = {isa = PBXFileReference; lastKnownFileType = sourcecode.swift; path = DeveloperSettingsView.swift; sourceTree = "<group>"; };
		187CA6FF28455D2F00DCCA7F /* DataImporter.swift */ = {isa = PBXFileReference; lastKnownFileType = sourcecode.swift; path = DataImporter.swift; sourceTree = "<group>"; };
		187CA702284590E900DCCA7F /* quakedata.json */ = {isa = PBXFileReference; lastKnownFileType = text.json; path = quakedata.json; sourceTree = "<group>"; };
		18CE294C28452C8200BB7BFC /* QuakeShow.app */ = {isa = PBXFileReference; explicitFileType = wrapper.application; includeInIndex = 0; path = QuakeShow.app; sourceTree = BUILT_PRODUCTS_DIR; };
		18CE294F28452C8200BB7BFC /* QuakeShowApp.swift */ = {isa = PBXFileReference; lastKnownFileType = sourcecode.swift; path = QuakeShowApp.swift; sourceTree = "<group>"; };
		18CE295128452C8200BB7BFC /* ContentView.swift */ = {isa = PBXFileReference; lastKnownFileType = sourcecode.swift; path = ContentView.swift; sourceTree = "<group>"; };
		18CE295328452C8300BB7BFC /* Assets.xcassets */ = {isa = PBXFileReference; lastKnownFileType = folder.assetcatalog; path = Assets.xcassets; sourceTree = "<group>"; };
		18CE295628452C8300BB7BFC /* Preview Assets.xcassets */ = {isa = PBXFileReference; lastKnownFileType = folder.assetcatalog; path = "Preview Assets.xcassets"; sourceTree = "<group>"; };
		18CE295828452C8300BB7BFC /* Persistence.swift */ = {isa = PBXFileReference; lastKnownFileType = sourcecode.swift; path = Persistence.swift; sourceTree = "<group>"; };
		18CE295B28452C8300BB7BFC /* QuakeShow.xcdatamodel */ = {isa = PBXFileReference; lastKnownFileType = wrapper.xcdatamodel; path = QuakeShow.xcdatamodel; sourceTree = "<group>"; };
		18CE296128452C8400BB7BFC /* QuakeShowTests.xctest */ = {isa = PBXFileReference; explicitFileType = wrapper.cfbundle; includeInIndex = 0; path = QuakeShowTests.xctest; sourceTree = BUILT_PRODUCTS_DIR; };
		18CE296528452C8400BB7BFC /* QuakeShowTests.swift */ = {isa = PBXFileReference; lastKnownFileType = sourcecode.swift; path = QuakeShowTests.swift; sourceTree = "<group>"; };
		18CE296B28452C8400BB7BFC /* QuakeShowUITests.xctest */ = {isa = PBXFileReference; explicitFileType = wrapper.cfbundle; includeInIndex = 0; path = QuakeShowUITests.xctest; sourceTree = BUILT_PRODUCTS_DIR; };
		18CE296F28452C8400BB7BFC /* QuakeShowUITests.swift */ = {isa = PBXFileReference; lastKnownFileType = sourcecode.swift; path = QuakeShowUITests.swift; sourceTree = "<group>"; };
		18CE297128452C8400BB7BFC /* QuakeShowUITestsLaunchTests.swift */ = {isa = PBXFileReference; lastKnownFileType = sourcecode.swift; path = QuakeShowUITestsLaunchTests.swift; sourceTree = "<group>"; };
		18CE297E28452CEE00BB7BFC /* Feature.swift */ = {isa = PBXFileReference; lastKnownFileType = sourcecode.swift; path = Feature.swift; sourceTree = "<group>"; };
		18CE298028452D0C00BB7BFC /* UserKey.swift */ = {isa = PBXFileReference; lastKnownFileType = sourcecode.swift; path = UserKey.swift; sourceTree = "<group>"; };
/* End PBXFileReference section */

/* Begin PBXFrameworksBuildPhase section */
		18CE294928452C8200BB7BFC /* Frameworks */ = {
			isa = PBXFrameworksBuildPhase;
			buildActionMask = 2147483647;
			files = (
			);
			runOnlyForDeploymentPostprocessing = 0;
		};
		18CE295E28452C8400BB7BFC /* Frameworks */ = {
			isa = PBXFrameworksBuildPhase;
			buildActionMask = 2147483647;
			files = (
			);
			runOnlyForDeploymentPostprocessing = 0;
		};
		18CE296828452C8400BB7BFC /* Frameworks */ = {
			isa = PBXFrameworksBuildPhase;
			buildActionMask = 2147483647;
			files = (
			);
			runOnlyForDeploymentPostprocessing = 0;
		};
/* End PBXFrameworksBuildPhase section */

/* Begin PBXGroup section */
		187CA701284590BD00DCCA7F /* Data */ = {
			isa = PBXGroup;
			children = (
				187CA702284590E900DCCA7F /* quakedata.json */,
			);
			path = Data;
			sourceTree = "<group>";
		};
		18CE294328452C8200BB7BFC = {
			isa = PBXGroup;
			children = (
				18CE294E28452C8200BB7BFC /* QuakeShow */,
				187CA701284590BD00DCCA7F /* Data */,
				18CE296428452C8400BB7BFC /* QuakeShowTests */,
				18CE296E28452C8400BB7BFC /* QuakeShowUITests */,
				18CE294D28452C8200BB7BFC /* Products */,
			);
			sourceTree = "<group>";
		};
		18CE294D28452C8200BB7BFC /* Products */ = {
			isa = PBXGroup;
			children = (
				18CE294C28452C8200BB7BFC /* QuakeShow.app */,
				18CE296128452C8400BB7BFC /* QuakeShowTests.xctest */,
				18CE296B28452C8400BB7BFC /* QuakeShowUITests.xctest */,
			);
			name = Products;
			sourceTree = "<group>";
		};
		18CE294E28452C8200BB7BFC /* QuakeShow */ = {
			isa = PBXGroup;
			children = (
				18CE294F28452C8200BB7BFC /* QuakeShowApp.swift */,
				18CE295128452C8200BB7BFC /* ContentView.swift */,
				18CE295328452C8300BB7BFC /* Assets.xcassets */,
				18CE295828452C8300BB7BFC /* Persistence.swift */,
				18CE295A28452C8300BB7BFC /* QuakeShow.xcdatamodeld */,
				18CE295528452C8300BB7BFC /* Preview Content */,
				18CE297E28452CEE00BB7BFC /* Feature.swift */,
				18CE298028452D0C00BB7BFC /* UserKey.swift */,
				187CA6FD28455ACB00DCCA7F /* DeveloperSettingsView.swift */,
				187CA6FF28455D2F00DCCA7F /* DataImporter.swift */,
			);
			path = QuakeShow;
			sourceTree = "<group>";
		};
		18CE295528452C8300BB7BFC /* Preview Content */ = {
			isa = PBXGroup;
			children = (
				18CE295628452C8300BB7BFC /* Preview Assets.xcassets */,
			);
			path = "Preview Content";
			sourceTree = "<group>";
		};
		18CE296428452C8400BB7BFC /* QuakeShowTests */ = {
			isa = PBXGroup;
			children = (
				18CE296528452C8400BB7BFC /* QuakeShowTests.swift */,
			);
			path = QuakeShowTests;
			sourceTree = "<group>";
		};
		18CE296E28452C8400BB7BFC /* QuakeShowUITests */ = {
			isa = PBXGroup;
			children = (
				18CE296F28452C8400BB7BFC /* QuakeShowUITests.swift */,
				18CE297128452C8400BB7BFC /* QuakeShowUITestsLaunchTests.swift */,
			);
			path = QuakeShowUITests;
			sourceTree = "<group>";
		};
/* End PBXGroup section */

/* Begin PBXNativeTarget section */
		18CE294B28452C8200BB7BFC /* QuakeShow */ = {
			isa = PBXNativeTarget;
			buildConfigurationList = 18CE297528452C8400BB7BFC /* Build configuration list for PBXNativeTarget "QuakeShow" */;
			buildPhases = (
				18CE294828452C8200BB7BFC /* Sources */,
				18CE294928452C8200BB7BFC /* Frameworks */,
				18CE294A28452C8200BB7BFC /* Resources */,
			);
			buildRules = (
			);
			dependencies = (
			);
			name = QuakeShow;
			productName = QuakeShow;
			productReference = 18CE294C28452C8200BB7BFC /* QuakeShow.app */;
			productType = "com.apple.product-type.application";
		};
		18CE296028452C8400BB7BFC /* QuakeShowTests */ = {
			isa = PBXNativeTarget;
			buildConfigurationList = 18CE297828452C8400BB7BFC /* Build configuration list for PBXNativeTarget "QuakeShowTests" */;
			buildPhases = (
				18CE295D28452C8400BB7BFC /* Sources */,
				18CE295E28452C8400BB7BFC /* Frameworks */,
				18CE295F28452C8400BB7BFC /* Resources */,
			);
			buildRules = (
			);
			dependencies = (
				18CE296328452C8400BB7BFC /* PBXTargetDependency */,
			);
			name = QuakeShowTests;
			productName = QuakeShowTests;
			productReference = 18CE296128452C8400BB7BFC /* QuakeShowTests.xctest */;
			productType = "com.apple.product-type.bundle.unit-test";
		};
		18CE296A28452C8400BB7BFC /* QuakeShowUITests */ = {
			isa = PBXNativeTarget;
			buildConfigurationList = 18CE297B28452C8400BB7BFC /* Build configuration list for PBXNativeTarget "QuakeShowUITests" */;
			buildPhases = (
				18CE296728452C8400BB7BFC /* Sources */,
				18CE296828452C8400BB7BFC /* Frameworks */,
				18CE296928452C8400BB7BFC /* Resources */,
			);
			buildRules = (
			);
			dependencies = (
				18CE296D28452C8400BB7BFC /* PBXTargetDependency */,
			);
			name = QuakeShowUITests;
			productName = QuakeShowUITests;
			productReference = 18CE296B28452C8400BB7BFC /* QuakeShowUITests.xctest */;
			productType = "com.apple.product-type.bundle.ui-testing";
		};
/* End PBXNativeTarget section */

/* Begin PBXProject section */
		18CE294428452C8200BB7BFC /* Project object */ = {
			isa = PBXProject;
			attributes = {
				BuildIndependentTargetsInParallel = 1;
				LastSwiftUpdateCheck = 1340;
				LastUpgradeCheck = 1340;
				TargetAttributes = {
					18CE294B28452C8200BB7BFC = {
						CreatedOnToolsVersion = 13.4;
					};
					18CE296028452C8400BB7BFC = {
						CreatedOnToolsVersion = 13.4;
						TestTargetID = 18CE294B28452C8200BB7BFC;
					};
					18CE296A28452C8400BB7BFC = {
						CreatedOnToolsVersion = 13.4;
						TestTargetID = 18CE294B28452C8200BB7BFC;
					};
				};
			};
			buildConfigurationList = 18CE294728452C8200BB7BFC /* Build configuration list for PBXProject "QuakeShow" */;
			compatibilityVersion = "Xcode 13.0";
			developmentRegion = en;
			hasScannedForEncodings = 0;
			knownRegions = (
				en,
				Base,
			);
			mainGroup = 18CE294328452C8200BB7BFC;
			productRefGroup = 18CE294D28452C8200BB7BFC /* Products */;
			projectDirPath = "";
			projectRoot = "";
			targets = (
				18CE294B28452C8200BB7BFC /* QuakeShow */,
				18CE296028452C8400BB7BFC /* QuakeShowTests */,
				18CE296A28452C8400BB7BFC /* QuakeShowUITests */,
			);
		};
/* End PBXProject section */

/* Begin PBXResourcesBuildPhase section */
		18CE294A28452C8200BB7BFC /* Resources */ = {
			isa = PBXResourcesBuildPhase;
			buildActionMask = 2147483647;
			files = (
				18CE295728452C8300BB7BFC /* Preview Assets.xcassets in Resources */,
				18CE295428452C8300BB7BFC /* Assets.xcassets in Resources */,
				187CA703284590E900DCCA7F /* quakedata.json in Resources */,
			);
			runOnlyForDeploymentPostprocessing = 0;
		};
		18CE295F28452C8400BB7BFC /* Resources */ = {
			isa = PBXResourcesBuildPhase;
			buildActionMask = 2147483647;
			files = (
			);
			runOnlyForDeploymentPostprocessing = 0;
		};
		18CE296928452C8400BB7BFC /* Resources */ = {
			isa = PBXResourcesBuildPhase;
			buildActionMask = 2147483647;
			files = (
			);
			runOnlyForDeploymentPostprocessing = 0;
		};
/* End PBXResourcesBuildPhase section */

/* Begin PBXSourcesBuildPhase section */
		18CE294828452C8200BB7BFC /* Sources */ = {
			isa = PBXSourcesBuildPhase;
			buildActionMask = 2147483647;
			files = (
				187CA6FE28455ACB00DCCA7F /* DeveloperSettingsView.swift in Sources */,
				187CA70028455D2F00DCCA7F /* DataImporter.swift in Sources */,
				18CE298128452D0C00BB7BFC /* UserKey.swift in Sources */,
				18CE295928452C8300BB7BFC /* Persistence.swift in Sources */,
				18CE295228452C8200BB7BFC /* ContentView.swift in Sources */,
				18CE297F28452CEE00BB7BFC /* Feature.swift in Sources */,
				18CE295C28452C8300BB7BFC /* QuakeShow.xcdatamodeld in Sources */,
				18CE295028452C8200BB7BFC /* QuakeShowApp.swift in Sources */,
			);
			runOnlyForDeploymentPostprocessing = 0;
		};
		18CE295D28452C8400BB7BFC /* Sources */ = {
			isa = PBXSourcesBuildPhase;
			buildActionMask = 2147483647;
			files = (
				18CE296628452C8400BB7BFC /* QuakeShowTests.swift in Sources */,
			);
			runOnlyForDeploymentPostprocessing = 0;
		};
		18CE296728452C8400BB7BFC /* Sources */ = {
			isa = PBXSourcesBuildPhase;
			buildActionMask = 2147483647;
			files = (
				18CE297028452C8400BB7BFC /* QuakeShowUITests.swift in Sources */,
				18CE297228452C8400BB7BFC /* QuakeShowUITestsLaunchTests.swift in Sources */,
			);
			runOnlyForDeploymentPostprocessing = 0;
		};
/* End PBXSourcesBuildPhase section */

/* Begin PBXTargetDependency section */
		18CE296328452C8400BB7BFC /* PBXTargetDependency */ = {
			isa = PBXTargetDependency;
			target = 18CE294B28452C8200BB7BFC /* QuakeShow */;
			targetProxy = 18CE296228452C8400BB7BFC /* PBXContainerItemProxy */;
		};
		18CE296D28452C8400BB7BFC /* PBXTargetDependency */ = {
			isa = PBXTargetDependency;
			target = 18CE294B28452C8200BB7BFC /* QuakeShow */;
			targetProxy = 18CE296C28452C8400BB7BFC /* PBXContainerItemProxy */;
		};
/* End PBXTargetDependency section */

/* Begin XCBuildConfiguration section */
		18CE297328452C8400BB7BFC /* Debug */ = {
			isa = XCBuildConfiguration;
			buildSettings = {
				ALWAYS_SEARCH_USER_PATHS = NO;
				CLANG_ANALYZER_NONNULL = YES;
				CLANG_ANALYZER_NUMBER_OBJECT_CONVERSION = YES_AGGRESSIVE;
				CLANG_CXX_LANGUAGE_STANDARD = "gnu++17";
				CLANG_ENABLE_MODULES = YES;
				CLANG_ENABLE_OBJC_ARC = YES;
				CLANG_ENABLE_OBJC_WEAK = YES;
				CLANG_WARN_BLOCK_CAPTURE_AUTORELEASING = YES;
				CLANG_WARN_BOOL_CONVERSION = YES;
				CLANG_WARN_COMMA = YES;
				CLANG_WARN_CONSTANT_CONVERSION = YES;
				CLANG_WARN_DEPRECATED_OBJC_IMPLEMENTATIONS = YES;
				CLANG_WARN_DIRECT_OBJC_ISA_USAGE = YES_ERROR;
				CLANG_WARN_DOCUMENTATION_COMMENTS = YES;
				CLANG_WARN_EMPTY_BODY = YES;
				CLANG_WARN_ENUM_CONVERSION = YES;
				CLANG_WARN_INFINITE_RECURSION = YES;
				CLANG_WARN_INT_CONVERSION = YES;
				CLANG_WARN_NON_LITERAL_NULL_CONVERSION = YES;
				CLANG_WARN_OBJC_IMPLICIT_RETAIN_SELF = YES;
				CLANG_WARN_OBJC_LITERAL_CONVERSION = YES;
				CLANG_WARN_OBJC_ROOT_CLASS = YES_ERROR;
				CLANG_WARN_QUOTED_INCLUDE_IN_FRAMEWORK_HEADER = YES;
				CLANG_WARN_RANGE_LOOP_ANALYSIS = YES;
				CLANG_WARN_STRICT_PROTOTYPES = YES;
				CLANG_WARN_SUSPICIOUS_MOVE = YES;
				CLANG_WARN_UNGUARDED_AVAILABILITY = YES_AGGRESSIVE;
				CLANG_WARN_UNREACHABLE_CODE = YES;
				CLANG_WARN__DUPLICATE_METHOD_MATCH = YES;
				COPY_PHASE_STRIP = NO;
				DEBUG_INFORMATION_FORMAT = dwarf;
				ENABLE_STRICT_OBJC_MSGSEND = YES;
				ENABLE_TESTABILITY = YES;
				GCC_C_LANGUAGE_STANDARD = gnu11;
				GCC_DYNAMIC_NO_PIC = NO;
				GCC_NO_COMMON_BLOCKS = YES;
				GCC_OPTIMIZATION_LEVEL = 0;
				GCC_PREPROCESSOR_DEFINITIONS = (
					"DEBUG=1",
					"$(inherited)",
				);
				GCC_WARN_64_TO_32_BIT_CONVERSION = YES;
				GCC_WARN_ABOUT_RETURN_TYPE = YES_ERROR;
				GCC_WARN_UNDECLARED_SELECTOR = YES;
				GCC_WARN_UNINITIALIZED_AUTOS = YES_AGGRESSIVE;
				GCC_WARN_UNUSED_FUNCTION = YES;
				GCC_WARN_UNUSED_VARIABLE = YES;
				IPHONEOS_DEPLOYMENT_TARGET = 15.5;
				MTL_ENABLE_DEBUG_INFO = INCLUDE_SOURCE;
				MTL_FAST_MATH = YES;
				ONLY_ACTIVE_ARCH = YES;
				SDKROOT = iphoneos;
				SWIFT_ACTIVE_COMPILATION_CONDITIONS = DEBUG;
				SWIFT_OPTIMIZATION_LEVEL = "-Onone";
			};
			name = Debug;
		};
		18CE297428452C8400BB7BFC /* Release */ = {
			isa = XCBuildConfiguration;
			buildSettings = {
				ALWAYS_SEARCH_USER_PATHS = NO;
				CLANG_ANALYZER_NONNULL = YES;
				CLANG_ANALYZER_NUMBER_OBJECT_CONVERSION = YES_AGGRESSIVE;
				CLANG_CXX_LANGUAGE_STANDARD = "gnu++17";
				CLANG_ENABLE_MODULES = YES;
				CLANG_ENABLE_OBJC_ARC = YES;
				CLANG_ENABLE_OBJC_WEAK = YES;
				CLANG_WARN_BLOCK_CAPTURE_AUTORELEASING = YES;
				CLANG_WARN_BOOL_CONVERSION = YES;
				CLANG_WARN_COMMA = YES;
				CLANG_WARN_CONSTANT_CONVERSION = YES;
				CLANG_WARN_DEPRECATED_OBJC_IMPLEMENTATIONS = YES;
				CLANG_WARN_DIRECT_OBJC_ISA_USAGE = YES_ERROR;
				CLANG_WARN_DOCUMENTATION_COMMENTS = YES;
				CLANG_WARN_EMPTY_BODY = YES;
				CLANG_WARN_ENUM_CONVERSION = YES;
				CLANG_WARN_INFINITE_RECURSION = YES;
				CLANG_WARN_INT_CONVERSION = YES;
				CLANG_WARN_NON_LITERAL_NULL_CONVERSION = YES;
				CLANG_WARN_OBJC_IMPLICIT_RETAIN_SELF = YES;
				CLANG_WARN_OBJC_LITERAL_CONVERSION = YES;
				CLANG_WARN_OBJC_ROOT_CLASS = YES_ERROR;
				CLANG_WARN_QUOTED_INCLUDE_IN_FRAMEWORK_HEADER = YES;
				CLANG_WARN_RANGE_LOOP_ANALYSIS = YES;
				CLANG_WARN_STRICT_PROTOTYPES = YES;
				CLANG_WARN_SUSPICIOUS_MOVE = YES;
				CLANG_WARN_UNGUARDED_AVAILABILITY = YES_AGGRESSIVE;
				CLANG_WARN_UNREACHABLE_CODE = YES;
				CLANG_WARN__DUPLICATE_METHOD_MATCH = YES;
				COPY_PHASE_STRIP = NO;
				DEBUG_INFORMATION_FORMAT = "dwarf-with-dsym";
				ENABLE_NS_ASSERTIONS = NO;
				ENABLE_STRICT_OBJC_MSGSEND = YES;
				GCC_C_LANGUAGE_STANDARD = gnu11;
				GCC_NO_COMMON_BLOCKS = YES;
				GCC_WARN_64_TO_32_BIT_CONVERSION = YES;
				GCC_WARN_ABOUT_RETURN_TYPE = YES_ERROR;
				GCC_WARN_UNDECLARED_SELECTOR = YES;
				GCC_WARN_UNINITIALIZED_AUTOS = YES_AGGRESSIVE;
				GCC_WARN_UNUSED_FUNCTION = YES;
				GCC_WARN_UNUSED_VARIABLE = YES;
				IPHONEOS_DEPLOYMENT_TARGET = 15.5;
				MTL_ENABLE_DEBUG_INFO = NO;
				MTL_FAST_MATH = YES;
				SDKROOT = iphoneos;
				SWIFT_COMPILATION_MODE = wholemodule;
				SWIFT_OPTIMIZATION_LEVEL = "-O";
				VALIDATE_PRODUCT = YES;
			};
			name = Release;
		};
		18CE297628452C8400BB7BFC /* Debug */ = {
			isa = XCBuildConfiguration;
			buildSettings = {
				ASSETCATALOG_COMPILER_APPICON_NAME = AppIcon;
				ASSETCATALOG_COMPILER_GLOBAL_ACCENT_COLOR_NAME = AccentColor;
				CODE_SIGN_STYLE = Automatic;
				CURRENT_PROJECT_VERSION = 1;
				DEVELOPMENT_ASSET_PATHS = "\"QuakeShow/Preview Content\"";
				DEVELOPMENT_TEAM = 82KH3487W6;
				ENABLE_PREVIEWS = YES;
				GENERATE_INFOPLIST_FILE = YES;
				INFOPLIST_KEY_UIApplicationSceneManifest_Generation = YES;
				INFOPLIST_KEY_UIApplicationSupportsIndirectInputEvents = YES;
				INFOPLIST_KEY_UILaunchScreen_Generation = YES;
				INFOPLIST_KEY_UISupportedInterfaceOrientations_iPad = "UIInterfaceOrientationPortrait UIInterfaceOrientationPortraitUpsideDown UIInterfaceOrientationLandscapeLeft UIInterfaceOrientationLandscapeRight";
				INFOPLIST_KEY_UISupportedInterfaceOrientations_iPhone = "UIInterfaceOrientationPortrait UIInterfaceOrientationLandscapeLeft UIInterfaceOrientationLandscapeRight";
				LD_RUNPATH_SEARCH_PATHS = (
					"$(inherited)",
					"@executable_path/Frameworks",
				);
				MARKETING_VERSION = 1.0;
				PRODUCT_BUNDLE_IDENTIFIER = com.digbads.QuakeShow;
				PRODUCT_NAME = "$(TARGET_NAME)";
				SWIFT_EMIT_LOC_STRINGS = YES;
				SWIFT_VERSION = 5.0;
				TARGETED_DEVICE_FAMILY = "1,2";
			};
			name = Debug;
		};
		18CE297728452C8400BB7BFC /* Release */ = {
			isa = XCBuildConfiguration;
			buildSettings = {
				ASSETCATALOG_COMPILER_APPICON_NAME = AppIcon;
				ASSETCATALOG_COMPILER_GLOBAL_ACCENT_COLOR_NAME = AccentColor;
				CODE_SIGN_STYLE = Automatic;
				CURRENT_PROJECT_VERSION = 1;
				DEVELOPMENT_ASSET_PATHS = "\"QuakeShow/Preview Content\"";
				DEVELOPMENT_TEAM = 82KH3487W6;
				ENABLE_PREVIEWS = YES;
				GENERATE_INFOPLIST_FILE = YES;
				INFOPLIST_KEY_UIApplicationSceneManifest_Generation = YES;
				INFOPLIST_KEY_UIApplicationSupportsIndirectInputEvents = YES;
				INFOPLIST_KEY_UILaunchScreen_Generation = YES;
				INFOPLIST_KEY_UISupportedInterfaceOrientations_iPad = "UIInterfaceOrientationPortrait UIInterfaceOrientationPortraitUpsideDown UIInterfaceOrientationLandscapeLeft UIInterfaceOrientationLandscapeRight";
				INFOPLIST_KEY_UISupportedInterfaceOrientations_iPhone = "UIInterfaceOrientationPortrait UIInterfaceOrientationLandscapeLeft UIInterfaceOrientationLandscapeRight";
				LD_RUNPATH_SEARCH_PATHS = (
					"$(inherited)",
					"@executable_path/Frameworks",
				);
				MARKETING_VERSION = 1.0;
				PRODUCT_BUNDLE_IDENTIFIER = com.digbads.QuakeShow;
				PRODUCT_NAME = "$(TARGET_NAME)";
				SWIFT_EMIT_LOC_STRINGS = YES;
				SWIFT_VERSION = 5.0;
				TARGETED_DEVICE_FAMILY = "1,2";
			};
			name = Release;
		};
		18CE297928452C8400BB7BFC /* Debug */ = {
			isa = XCBuildConfiguration;
			buildSettings = {
				ALWAYS_EMBED_SWIFT_STANDARD_LIBRARIES = YES;
				BUNDLE_LOADER = "$(TEST_HOST)";
				CODE_SIGN_STYLE = Automatic;
				CURRENT_PROJECT_VERSION = 1;
				DEVELOPMENT_TEAM = 82KH3487W6;
				GENERATE_INFOPLIST_FILE = YES;
				IPHONEOS_DEPLOYMENT_TARGET = 15.5;
				MARKETING_VERSION = 1.0;
				PRODUCT_BUNDLE_IDENTIFIER = com.digbads.QuakeShowTests;
				PRODUCT_NAME = "$(TARGET_NAME)";
				SWIFT_EMIT_LOC_STRINGS = NO;
				SWIFT_VERSION = 5.0;
				TARGETED_DEVICE_FAMILY = "1,2";
				TEST_HOST = "$(BUILT_PRODUCTS_DIR)/QuakeShow.app/QuakeShow";
			};
			name = Debug;
		};
		18CE297A28452C8400BB7BFC /* Release */ = {
			isa = XCBuildConfiguration;
			buildSettings = {
				ALWAYS_EMBED_SWIFT_STANDARD_LIBRARIES = YES;
				BUNDLE_LOADER = "$(TEST_HOST)";
				CODE_SIGN_STYLE = Automatic;
				CURRENT_PROJECT_VERSION = 1;
				DEVELOPMENT_TEAM = 82KH3487W6;
				GENERATE_INFOPLIST_FILE = YES;
				IPHONEOS_DEPLOYMENT_TARGET = 15.5;
				MARKETING_VERSION = 1.0;
				PRODUCT_BUNDLE_IDENTIFIER = com.digbads.QuakeShowTests;
				PRODUCT_NAME = "$(TARGET_NAME)";
				SWIFT_EMIT_LOC_STRINGS = NO;
				SWIFT_VERSION = 5.0;
				TARGETED_DEVICE_FAMILY = "1,2";
				TEST_HOST = "$(BUILT_PRODUCTS_DIR)/QuakeShow.app/QuakeShow";
			};
			name = Release;
		};
		18CE297C28452C8400BB7BFC /* Debug */ = {
			isa = XCBuildConfiguration;
			buildSettings = {
				ALWAYS_EMBED_SWIFT_STANDARD_LIBRARIES = YES;
				CODE_SIGN_STYLE = Automatic;
				CURRENT_PROJECT_VERSION = 1;
				DEVELOPMENT_TEAM = 82KH3487W6;
				GENERATE_INFOPLIST_FILE = YES;
				MARKETING_VERSION = 1.0;
				PRODUCT_BUNDLE_IDENTIFIER = com.digbads.QuakeShowUITests;
				PRODUCT_NAME = "$(TARGET_NAME)";
				SWIFT_EMIT_LOC_STRINGS = NO;
				SWIFT_VERSION = 5.0;
				TARGETED_DEVICE_FAMILY = "1,2";
				TEST_TARGET_NAME = QuakeShow;
			};
			name = Debug;
		};
		18CE297D28452C8400BB7BFC /* Release */ = {
			isa = XCBuildConfiguration;
			buildSettings = {
				ALWAYS_EMBED_SWIFT_STANDARD_LIBRARIES = YES;
				CODE_SIGN_STYLE = Automatic;
				CURRENT_PROJECT_VERSION = 1;
				DEVELOPMENT_TEAM = 82KH3487W6;
				GENERATE_INFOPLIST_FILE = YES;
				MARKETING_VERSION = 1.0;
				PRODUCT_BUNDLE_IDENTIFIER = com.digbads.QuakeShowUITests;
				PRODUCT_NAME = "$(TARGET_NAME)";
				SWIFT_EMIT_LOC_STRINGS = NO;
				SWIFT_VERSION = 5.0;
				TARGETED_DEVICE_FAMILY = "1,2";
				TEST_TARGET_NAME = QuakeShow;
			};
			name = Release;
		};
/* End XCBuildConfiguration section */

/* Begin XCConfigurationList section */
		18CE294728452C8200BB7BFC /* Build configuration list for PBXProject "QuakeShow" */ = {
			isa = XCConfigurationList;
			buildConfigurations = (
				18CE297328452C8400BB7BFC /* Debug */,
				18CE297428452C8400BB7BFC /* Release */,
			);
			defaultConfigurationIsVisible = 0;
			defaultConfigurationName = Release;
		};
		18CE297528452C8400BB7BFC /* Build configuration list for PBXNativeTarget "QuakeShow" */ = {
			isa = XCConfigurationList;
			buildConfigurations = (
				18CE297628452C8400BB7BFC /* Debug */,
				18CE297728452C8400BB7BFC /* Release */,
			);
			defaultConfigurationIsVisible = 0;
			defaultConfigurationName = Release;
		};
		18CE297828452C8400BB7BFC /* Build configuration list for PBXNativeTarget "QuakeShowTests" */ = {
			isa = XCConfigurationList;
			buildConfigurations = (
				18CE297928452C8400BB7BFC /* Debug */,
				18CE297A28452C8400BB7BFC /* Release */,
			);
			defaultConfigurationIsVisible = 0;
			defaultConfigurationName = Release;
		};
		18CE297B28452C8400BB7BFC /* Build configuration list for PBXNativeTarget "QuakeShowUITests" */ = {
			isa = XCConfigurationList;
			buildConfigurations = (
				18CE297C28452C8400BB7BFC /* Debug */,
				18CE297D28452C8400BB7BFC /* Release */,
			);
			defaultConfigurationIsVisible = 0;
			defaultConfigurationName = Release;
		};
/* End XCConfigurationList section */

/* Begin XCVersionGroup section */
		18CE295A28452C8300BB7BFC /* QuakeShow.xcdatamodeld */ = {
			isa = XCVersionGroup;
			children = (
				18CE295B28452C8300BB7BFC /* QuakeShow.xcdatamodel */,
			);
			currentVersion = 18CE295B28452C8300BB7BFC /* QuakeShow.xcdatamodel */;
			path = QuakeShow.xcdatamodeld;
			sourceTree = "<group>";
			versionGroupType = wrapper.xcdatamodel;
		};
/* End XCVersionGroup section */
	};
	rootObject = 18CE294428452C8200BB7BFC /* Project object */;
}
